
Microsoft Visual Studio Solution File, Format Version 12.00
# Visual Studio 15
Project("{FAE04EC0-301F-11D3-BF4B-00C04F79EFBC}") = "Assembly-CSharp", "Assembly-CSharp.csproj", "{268A4E5B-5F67-9755-71A3-12392565F5A5}"
EndProject
Project("{FAE04EC0-301F-11D3-BF4B-00C04F79EFBC}") = "Assembly-CSharp-Editor", "Assembly-CSharp-Editor.csproj", "{33C1DDB1-6D4F-C8F8-E6EE-ACF097427641}"
EndProject
Global
	GlobalSection(SolutionConfigurationPlatforms) = preSolution
		Debug|Any CPU = Debug|Any CPU
		Release|Any CPU = Release|Any CPU
	EndGlobalSection
	GlobalSection(ProjectConfigurationPlatforms) = postSolution
		{268A4E5B-5F67-9755-71A3-12392565F5A5}.Debug|Any CPU.ActiveCfg = Debug|Any CPU
		{268A4E5B-5F67-9755-71A3-12392565F5A5}.Debug|Any CPU.Build.0 = Debug|Any CPU
		{268A4E5B-5F67-9755-71A3-12392565F5A5}.Release|Any CPU.ActiveCfg = Release|Any CPU
		{268A4E5B-5F67-9755-71A3-12392565F5A5}.Release|Any CPU.Build.0 = Release|Any CPU
		{33C1DDB1-6D4F-C8F8-E6EE-ACF097427641}.Debug|Any CPU.ActiveCfg = Debug|Any CPU
		{33C1DDB1-6D4F-C8F8-E6EE-ACF097427641}.Debug|Any CPU.Build.0 = Debug|Any CPU
		{33C1DDB1-6D4F-C8F8-E6EE-ACF097427641}.Release|Any CPU.ActiveCfg = Release|Any CPU
		{33C1DDB1-6D4F-C8F8-E6EE-ACF097427641}.Release|Any CPU.Build.0 = Release|Any CPU
	EndGlobalSection
	GlobalSection(SolutionProperties) = preSolution
		HideSolutionNode = FALSE
	EndGlobalSection
EndGlobal
